
Microsoft Visual Studio Solution File, Format Version 12.00
# Visual Studio Version 16
VisualStudioVersion = 16.0.29709.97
MinimumVisualStudioVersion = 10.0.40219.1
Project("{FAE04EC0-301F-11D3-BF4B-00C04F79EFBC}") = "game", "game.csproj", "{3555494F-1159-440F-9618-CBF8C3657829}"
EndProject
Project("{9A19103F-16F7-4668-BE54-9A1E7A4F7556}") = "Nez", "..\nez\Nez.Portable\Nez.csproj", "{B17682B1-1592-4220-BFED-692F60851AB2}"
EndProject
Project("{9A19103F-16F7-4668-BE54-9A1E7A4F7556}") = "Nez.ImGui", "..\nez\Nez.ImGui\Nez.ImGui.csproj", "{3DC23F36-11E7-4950-98BF-4474AD64B157}"
EndProject
Project("{9A19103F-16F7-4668-BE54-9A1E7A4F7556}") = "Nez.Persistence", "..\nez\Nez.Persistence\Nez.Persistence.csproj", "{E397E3A5-C68F-4EC2-995C-F33B95DA4690}"
EndProject
Global
	GlobalSection(SolutionConfigurationPlatforms) = preSolution
		Debug|Any CPU = Debug|Any CPU
		Debug|x86 = Debug|x86
		Release|Any CPU = Release|Any CPU
		Release|x86 = Release|x86
	EndGlobalSection
	GlobalSection(ProjectConfigurationPlatforms) = postSolution
		{3555494F-1159-440F-9618-CBF8C3657829}.Debug|Any CPU.ActiveCfg = Debug|Any CPU
		{3555494F-1159-440F-9618-CBF8C3657829}.Debug|Any CPU.Build.0 = Debug|Any CPU
		{3555494F-1159-440F-9618-CBF8C3657829}.Debug|x86.ActiveCfg = Debug|Any CPU
		{3555494F-1159-440F-9618-CBF8C3657829}.Debug|x86.Build.0 = Debug|Any CPU
		{3555494F-1159-440F-9618-CBF8C3657829}.Release|Any CPU.ActiveCfg = Release|Any CPU
		{3555494F-1159-440F-9618-CBF8C3657829}.Release|Any CPU.Build.0 = Release|Any CPU
		{3555494F-1159-440F-9618-CBF8C3657829}.Release|x86.ActiveCfg = Release|Any CPU
		{3555494F-1159-440F-9618-CBF8C3657829}.Release|x86.Build.0 = Release|Any CPU
		{B17682B1-1592-4220-BFED-692F60851AB2}.Debug|Any CPU.ActiveCfg = Debug|Any CPU
		{B17682B1-1592-4220-BFED-692F60851AB2}.Debug|Any CPU.Build.0 = Debug|Any CPU
		{B17682B1-1592-4220-BFED-692F60851AB2}.Debug|x86.ActiveCfg = Debug|Any CPU
		{B17682B1-1592-4220-BFED-692F60851AB2}.Debug|x86.Build.0 = Debug|Any CPU
		{B17682B1-1592-4220-BFED-692F60851AB2}.Release|Any CPU.ActiveCfg = Release|Any CPU
		{B17682B1-1592-4220-BFED-692F60851AB2}.Release|Any CPU.Build.0 = Release|Any CPU
		{B17682B1-1592-4220-BFED-692F60851AB2}.Release|x86.ActiveCfg = Release|Any CPU
		{B17682B1-1592-4220-BFED-692F60851AB2}.Release|x86.Build.0 = Release|Any CPU
		{3DC23F36-11E7-4950-98BF-4474AD64B157}.Debug|Any CPU.ActiveCfg = Debug|Any CPU
		{3DC23F36-11E7-4950-98BF-4474AD64B157}.Debug|Any CPU.Build.0 = Debug|Any CPU
		{3DC23F36-11E7-4950-98BF-4474AD64B157}.Debug|x86.ActiveCfg = Debug|Any CPU
		{3DC23F36-11E7-4950-98BF-4474AD64B157}.Debug|x86.Build.0 = Debug|Any CPU
		{3DC23F36-11E7-4950-98BF-4474AD64B157}.Release|Any CPU.ActiveCfg = Release|Any CPU
		{3DC23F36-11E7-4950-98BF-4474AD64B157}.Release|Any CPU.Build.0 = Release|Any CPU
		{3DC23F36-11E7-4950-98BF-4474AD64B157}.Release|x86.ActiveCfg = Release|Any CPU
		{3DC23F36-11E7-4950-98BF-4474AD64B157}.Release|x86.Build.0 = Release|Any CPU
		{E397E3A5-C68F-4EC2-995C-F33B95DA4690}.Debug|Any CPU.ActiveCfg = Debug|Any CPU
		{E397E3A5-C68F-4EC2-995C-F33B95DA4690}.Debug|Any CPU.Build.0 = Debug|Any CPU
		{E397E3A5-C68F-4EC2-995C-F33B95DA4690}.Debug|x86.ActiveCfg = Debug|Any CPU
		{E397E3A5-C68F-4EC2-995C-F33B95DA4690}.Debug|x86.Build.0 = Debug|Any CPU
		{E397E3A5-C68F-4EC2-995C-F33B95DA4690}.Release|Any CPU.ActiveCfg = Release|Any CPU
		{E397E3A5-C68F-4EC2-995C-F33B95DA4690}.Release|Any CPU.Build.0 = Release|Any CPU
		{E397E3A5-C68F-4EC2-995C-F33B95DA4690}.Release|x86.ActiveCfg = Release|Any CPU
		{E397E3A5-C68F-4EC2-995C-F33B95DA4690}.Release|x86.Build.0 = Release|Any CPU
	EndGlobalSection
	GlobalSection(SolutionProperties) = preSolution
		HideSolutionNode = FALSE
	EndGlobalSection
	GlobalSection(ExtensibilityGlobals) = postSolution
		SolutionGuid = {2E1D281E-565A-4161-AF68-A155B8A839DC}
	EndGlobalSection
EndGlobal
